dependencies:
- name: postgresql
  repository: https://charts.bitnami.com/bitnami
  version: 15.5.29
- name: reflector
  repository: https://emberstack.github.io/helm-charts
  version: 7.1.288
digest: sha256:b0acecf7c863a774cc54070d5ed632f628ce9b04b196181bf03f6cd23add33bb
generated: "2025-02-18T13:22:53.322347477+01:00"
