dependencies:
- name: postgresql
  repository: https://charts.bitnami.com/bitnami
  version: 15.5.29
- name: reflector
  repository: https://emberstack.github.io/helm-charts
  version: 7.1.288
- name: unleash
  repository: https://docs.getunleash.io/helm-charts
  version: 5.4.0
digest: sha256:542165cd12c19c03aa1c825ad50c60e45468fb18b0b90fa26bca75a25753142c
generated: "2025-02-19T13:38:34.740263563+01:00"
